
Microsoft Visual Studio Solution File, Format Version 12.00
# Visual Studio Version 17
VisualStudioVersion = 17.5.002.0
MinimumVisualStudioVersion = 10.0.40219.1
Project("{9A19103F-16F7-4668-BE54-9A1E7A4F7556}") = "Druware.CommandLineOptions", "Druware.CommandLineOptions.csproj", "{2BC04FF0-FA37-4D61-97E3-5F6AFDF9CFF4}"
EndProject
Global
	GlobalSection(SolutionConfigurationPlatforms) = preSolution
		Debug|Any CPU = Debug|Any CPU
		Release|Any CPU = Release|Any CPU
	EndGlobalSection
	GlobalSection(ProjectConfigurationPlatforms) = postSolution
		{2BC04FF0-FA37-4D61-97E3-5F6AFDF9CFF4}.Debug|Any CPU.ActiveCfg = Debug|Any CPU
		{2BC04FF0-FA37-4D61-97E3-5F6AFDF9CFF4}.Debug|Any CPU.Build.0 = Debug|Any CPU
		{2BC04FF0-FA37-4D61-97E3-5F6AFDF9CFF4}.Release|Any CPU.ActiveCfg = Release|Any CPU
		{2BC04FF0-FA37-4D61-97E3-5F6AFDF9CFF4}.Release|Any CPU.Build.0 = Release|Any CPU
		{919FAAEA-D006-4E07-B5F1-834DEAC99691}.Debug|Any CPU.ActiveCfg = Debug|Any CPU
		{919FAAEA-D006-4E07-B5F1-834DEAC99691}.Debug|Any CPU.Build.0 = Debug|Any CPU
		{919FAAEA-D006-4E07-B5F1-834DEAC99691}.Release|Any CPU.ActiveCfg = Release|Any CPU
		{919FAAEA-D006-4E07-B5F1-834DEAC99691}.Release|Any CPU.Build.0 = Release|Any CPU
	EndGlobalSection
	GlobalSection(SolutionProperties) = preSolution
		HideSolutionNode = FALSE
	EndGlobalSection
	GlobalSection(ExtensibilityGlobals) = postSolution
		SolutionGuid = {189887F0-995C-4CBB-9C34-9D1C24E2D8DC}
	EndGlobalSection
EndGlobal
